
Microsoft Visual Studio Solution File, Format Version 12.00
# Visual Studio 15
Project("{FAE04EC0-301F-11D3-BF4B-00C04F79EFBC}") = "SmartCafeApi.Mongo", "SmartCafeApi.Mongo\SmartCafeApi.Mongo.csproj", "{ECAC6F3A-C665-44B8-98EB-294A7B7C0A0B}"
EndProject
Project("{FAE04EC0-301F-11D3-BF4B-00C04F79EFBC}") = "SmartCafe.Postgres", "SmartCafe.Postgres\SmartCafe.Postgres.csproj", "{9CE29553-550B-4FC8-A69E-E10E595B4444}"
EndProject
Global
	GlobalSection(SolutionConfigurationPlatforms) = preSolution
		Debug|Any CPU = Debug|Any CPU
		Release|Any CPU = Release|Any CPU
	EndGlobalSection
	GlobalSection(ProjectConfigurationPlatforms) = postSolution
		{ECAC6F3A-C665-44B8-98EB-294A7B7C0A0B}.Debug|Any CPU.ActiveCfg = Debug|Any CPU
		{ECAC6F3A-C665-44B8-98EB-294A7B7C0A0B}.Debug|Any CPU.Build.0 = Debug|Any CPU
		{ECAC6F3A-C665-44B8-98EB-294A7B7C0A0B}.Release|Any CPU.ActiveCfg = Release|Any CPU
		{ECAC6F3A-C665-44B8-98EB-294A7B7C0A0B}.Release|Any CPU.Build.0 = Release|Any CPU
		{9CE29553-550B-4FC8-A69E-E10E595B4444}.Debug|Any CPU.ActiveCfg = Debug|Any CPU
		{9CE29553-550B-4FC8-A69E-E10E595B4444}.Debug|Any CPU.Build.0 = Debug|Any CPU
		{9CE29553-550B-4FC8-A69E-E10E595B4444}.Release|Any CPU.ActiveCfg = Release|Any CPU
		{9CE29553-550B-4FC8-A69E-E10E595B4444}.Release|Any CPU.Build.0 = Release|Any CPU
	EndGlobalSection
EndGlobal
